
Microsoft Visual Studio Solution File, Format Version 12.00
Project("{FAE04EC0-301F-11D3-BF4B-00C04F79EFBC}") = "EcommerceAPI", "EcommerceAPI\EcommerceAPI.csproj", "{F8D6B7CE-A471-49AF-85E5-7E05DCC6D3B2}"
EndProject
Project("{FAE04EC0-301F-11D3-BF4B-00C04F79EFBC}") = "EcommerceDb", "EcommerceDb\EcommerceDb.csproj", "{CEF037AE-22F6-4397-8AF9-33076ACE110F}"
EndProject
Global
	GlobalSection(SolutionConfigurationPlatforms) = preSolution
		Debug|Any CPU = Debug|Any CPU
		Release|Any CPU = Release|Any CPU
	EndGlobalSection
	GlobalSection(ProjectConfigurationPlatforms) = postSolution
		{F8D6B7CE-A471-49AF-85E5-7E05DCC6D3B2}.Debug|Any CPU.ActiveCfg = Debug|Any CPU
		{F8D6B7CE-A471-49AF-85E5-7E05DCC6D3B2}.Debug|Any CPU.Build.0 = Debug|Any CPU
		{F8D6B7CE-A471-49AF-85E5-7E05DCC6D3B2}.Release|Any CPU.ActiveCfg = Release|Any CPU
		{F8D6B7CE-A471-49AF-85E5-7E05DCC6D3B2}.Release|Any CPU.Build.0 = Release|Any CPU
		{CEF037AE-22F6-4397-8AF9-33076ACE110F}.Debug|Any CPU.ActiveCfg = Debug|Any CPU
		{CEF037AE-22F6-4397-8AF9-33076ACE110F}.Debug|Any CPU.Build.0 = Debug|Any CPU
		{CEF037AE-22F6-4397-8AF9-33076ACE110F}.Release|Any CPU.ActiveCfg = Release|Any CPU
		{CEF037AE-22F6-4397-8AF9-33076ACE110F}.Release|Any CPU.Build.0 = Release|Any CPU
	EndGlobalSection
EndGlobal
